// !$*UTF8*$!
{
	archiveVersion = 1;
	classes = {
	};
	objectVersion = 55;
	objects = {

/* Begin PBXBuildFile section */
		7BAA149C2748D8C7003E6EF9 /* InstafilterApp.swift in Sources */ = {isa = PBXBuildFile; fileRef = 7BAA149B2748D8C7003E6EF9 /* InstafilterApp.swift */; };
		7BAA149E2748D8C7003E6EF9 /* ContentView.swift in Sources */ = {isa = PBXBuildFile; fileRef = 7BAA149D2748D8C7003E6EF9 /* ContentView.swift */; };
		7BAA14A02748D8C8003E6EF9 /* Assets.xcassets in Resources */ = {isa = PBXBuildFile; fileRef = 7BAA149F2748D8C8003E6EF9 /* Assets.xcassets */; };
		7BAA14A32748D8C8003E6EF9 /* Preview Assets.xcassets in Resources */ = {isa = PBXBuildFile; fileRef = 7BAA14A22748D8C8003E6EF9 /* Preview Assets.xcassets */; };
		7BAA14AB2748D941003E6EF9 /* WrapperStructView.swift in Sources */ = {isa = PBXBuildFile; fileRef = 7BAA14AA2748D941003E6EF9 /* WrapperStructView.swift */; };
		7BAA14AE2748DE2A003E6EF9 /* ActionSheetView.swift in Sources */ = {isa = PBXBuildFile; fileRef = 7BAA14AD2748DE2A003E6EF9 /* ActionSheetView.swift */; };
		7BAC4EE2274A1AEE00A0A88D /* CoreImageView.swift in Sources */ = {isa = PBXBuildFile; fileRef = 7BAC4EE1274A1AEE00A0A88D /* CoreImageView.swift */; };
		7BAC4EE4274A247B00A0A88D /* WrappingControllerView.swift in Sources */ = {isa = PBXBuildFile; fileRef = 7BAC4EE3274A247B00A0A88D /* WrappingControllerView.swift */; };
		7BAC4EE6274A358D00A0A88D /* ImagePicker.swift in Sources */ = {isa = PBXBuildFile; fileRef = 7BAC4EE5274A358D00A0A88D /* ImagePicker.swift */; };
/* End PBXBuildFile section */

/* Begin PBXFileReference section */
		7BAA14982748D8C7003E6EF9 /* Instafilter.app */ = {isa = PBXFileReference; explicitFileType = wrapper.application; includeInIndex = 0; path = Instafilter.app; sourceTree = BUILT_PRODUCTS_DIR; };
		7BAA149B2748D8C7003E6EF9 /* InstafilterApp.swift */ = {isa = PBXFileReference; lastKnownFileType = sourcecode.swift; path = InstafilterApp.swift; sourceTree = "<group>"; };
		7BAA149D2748D8C7003E6EF9 /* ContentView.swift */ = {isa = PBXFileReference; lastKnownFileType = sourcecode.swift; path = ContentView.swift; sourceTree = "<group>"; };
		7BAA149F2748D8C8003E6EF9 /* Assets.xcassets */ = {isa = PBXFileReference; lastKnownFileType = folder.assetcatalog; path = Assets.xcassets; sourceTree = "<group>"; };
		7BAA14A22748D8C8003E6EF9 /* Preview Assets.xcassets */ = {isa = PBXFileReference; lastKnownFileType = folder.assetcatalog; path = "Preview Assets.xcassets"; sourceTree = "<group>"; };
		7BAA14AA2748D941003E6EF9 /* WrapperStructView.swift */ = {isa = PBXFileReference; lastKnownFileType = sourcecode.swift; path = WrapperStructView.swift; sourceTree = "<group>"; };
		7BAA14AD2748DE2A003E6EF9 /* ActionSheetView.swift */ = {isa = PBXFileReference; lastKnownFileType = sourcecode.swift; path = ActionSheetView.swift; sourceTree = "<group>"; };
		7BAC4EE1274A1AEE00A0A88D /* CoreImageView.swift */ = {isa = PBXFileReference; lastKnownFileType = sourcecode.swift; path = CoreImageView.swift; sourceTree = "<group>"; };
		7BAC4EE3274A247B00A0A88D /* WrappingControllerView.swift */ = {isa = PBXFileReference; lastKnownFileType = sourcecode.swift; path = WrappingControllerView.swift; sourceTree = "<group>"; };
		7BAC4EE5274A358D00A0A88D /* ImagePicker.swift */ = {isa = PBXFileReference; lastKnownFileType = sourcecode.swift; path = ImagePicker.swift; sourceTree = "<group>"; };
/* End PBXFileReference section */

/* Begin PBXFrameworksBuildPhase section */
		7BAA14952748D8C7003E6EF9 /* Frameworks */ = {
			isa = PBXFrameworksBuildPhase;
			buildActionMask = 2147483647;
			files = (
			);
			runOnlyForDeploymentPostprocessing = 0;
		};
/* End PBXFrameworksBuildPhase section */

/* Begin PBXGroup section */
		7BAA148F2748D8C7003E6EF9 = {
			isa = PBXGroup;
			children = (
				7BAA149A2748D8C7003E6EF9 /* Instafilter */,
				7BAA14992748D8C7003E6EF9 /* Products */,
			);
			sourceTree = "<group>";
		};
		7BAA14992748D8C7003E6EF9 /* Products */ = {
			isa = PBXGroup;
			children = (
				7BAA14982748D8C7003E6EF9 /* Instafilter.app */,
			);
			name = Products;
			sourceTree = "<group>";
		};
		7BAA149A2748D8C7003E6EF9 /* Instafilter */ = {
			isa = PBXGroup;
			children = (
				7BAA149B2748D8C7003E6EF9 /* InstafilterApp.swift */,
				7BAC4EE7274A363200A0A88D /* Model */,
				7BAA14A92748D917003E6EF9 /* Lecons */,
				7BAA14AC2748D949003E6EF9 /* Views */,
				7BAA149F2748D8C8003E6EF9 /* Assets.xcassets */,
				7BAA14A12748D8C8003E6EF9 /* Preview Content */,
			);
			path = Instafilter;
			sourceTree = "<group>";
		};
		7BAA14A12748D8C8003E6EF9 /* Preview Content */ = {
			isa = PBXGroup;
			children = (
				7BAA14A22748D8C8003E6EF9 /* Preview Assets.xcassets */,
			);
			path = "Preview Content";
			sourceTree = "<group>";
		};
		7BAA14A92748D917003E6EF9 /* Lecons */ = {
			isa = PBXGroup;
			children = (
				7BAA14AA2748D941003E6EF9 /* WrapperStructView.swift */,
				7BAA14AD2748DE2A003E6EF9 /* ActionSheetView.swift */,
				7BAC4EE1274A1AEE00A0A88D /* CoreImageView.swift */,
				7BAC4EE3274A247B00A0A88D /* WrappingControllerView.swift */,
			);
			path = Lecons;
			sourceTree = "<group>";
		};
		7BAA14AC2748D949003E6EF9 /* Views */ = {
			isa = PBXGroup;
			children = (
				7BAA149D2748D8C7003E6EF9 /* ContentView.swift */,
			);
			path = Views;
			sourceTree = "<group>";
		};
		7BAC4EE7274A363200A0A88D /* Model */ = {
			isa = PBXGroup;
			children = (
				7BAC4EE5274A358D00A0A88D /* ImagePicker.swift */,
			);
			path = Model;
			sourceTree = "<group>";
		};
/* End PBXGroup section */

/* Begin PBXNativeTarget section */
		7BAA14972748D8C7003E6EF9 /* Instafilter */ = {
			isa = PBXNativeTarget;
			buildConfigurationList = 7BAA14A62748D8C8003E6EF9 /* Build configuration list for PBXNativeTarget "Instafilter" */;
			buildPhases = (
				7BAA14942748D8C7003E6EF9 /* Sources */,
				7BAA14952748D8C7003E6EF9 /* Frameworks */,
				7BAA14962748D8C7003E6EF9 /* Resources */,
			);
			buildRules = (
			);
			dependencies = (
			);
			name = Instafilter;
			productName = Instafilter;
			productReference = 7BAA14982748D8C7003E6EF9 /* Instafilter.app */;
			productType = "com.apple.product-type.application";
		};
/* End PBXNativeTarget section */

/* Begin PBXProject section */
		7BAA14902748D8C7003E6EF9 /* Project object */ = {
			isa = PBXProject;
			attributes = {
				BuildIndependentTargetsInParallel = 1;
				LastSwiftUpdateCheck = 1310;
				LastUpgradeCheck = 1310;
				TargetAttributes = {
					7BAA14972748D8C7003E6EF9 = {
						CreatedOnToolsVersion = 13.1;
					};
				};
			};
			buildConfigurationList = 7BAA14932748D8C7003E6EF9 /* Build configuration list for PBXProject "Instafilter" */;
			compatibilityVersion = "Xcode 13.0";
			developmentRegion = en;
			hasScannedForEncodings = 0;
			knownRegions = (
				en,
				Base,
			);
			mainGroup = 7BAA148F2748D8C7003E6EF9;
			productRefGroup = 7BAA14992748D8C7003E6EF9 /* Products */;
			projectDirPath = "";
			projectRoot = "";
			targets = (
				7BAA14972748D8C7003E6EF9 /* Instafilter */,
			);
		};
/* End PBXProject section */

/* Begin PBXResourcesBuildPhase section */
		7BAA14962748D8C7003E6EF9 /* Resources */ = {
			isa = PBXResourcesBuildPhase;
			buildActionMask = 2147483647;
			files = (
				7BAA14A32748D8C8003E6EF9 /* Preview Assets.xcassets in Resources */,
				7BAA14A02748D8C8003E6EF9 /* Assets.xcassets in Resources */,
			);
			runOnlyForDeploymentPostprocessing = 0;
		};
/* End PBXResourcesBuildPhase section */

/* Begin PBXSourcesBuildPhase section */
		7BAA14942748D8C7003E6EF9 /* Sources */ = {
			isa = PBXSourcesBuildPhase;
			buildActionMask = 2147483647;
			files = (
				7BAC4EE2274A1AEE00A0A88D /* CoreImageView.swift in Sources */,
				7BAA149E2748D8C7003E6EF9 /* ContentView.swift in Sources */,
				7BAA149C2748D8C7003E6EF9 /* InstafilterApp.swift in Sources */,
				7BAC4EE6274A358D00A0A88D /* ImagePicker.swift in Sources */,
				7BAA14AE2748DE2A003E6EF9 /* ActionSheetView.swift in Sources */,
				7BAC4EE4274A247B00A0A88D /* WrappingControllerView.swift in Sources */,
				7BAA14AB2748D941003E6EF9 /* WrapperStructView.swift in Sources */,
			);
			runOnlyForDeploymentPostprocessing = 0;
		};
/* End PBXSourcesBuildPhase section */

/* Begin XCBuildConfiguration section */
		7BAA14A42748D8C8003E6EF9 /* Debug */ = {
			isa = XCBuildConfiguration;
			buildSettings = {
				ALWAYS_SEARCH_USER_PATHS = NO;
				CLANG_ANALYZER_NONNULL = YES;
				CLANG_ANALYZER_NUMBER_OBJECT_CONVERSION = YES_AGGRESSIVE;
				CLANG_CXX_LANGUAGE_STANDARD = "gnu++17";
				CLANG_CXX_LIBRARY = "libc++";
				CLANG_ENABLE_MODULES = YES;
				CLANG_ENABLE_OBJC_ARC = YES;
				CLANG_ENABLE_OBJC_WEAK = YES;
				CLANG_WARN_BLOCK_CAPTURE_AUTORELEASING = YES;
				CLANG_WARN_BOOL_CONVERSION = YES;
				CLANG_WARN_COMMA = YES;
				CLANG_WARN_CONSTANT_CONVERSION = YES;
				CLANG_WARN_DEPRECATED_OBJC_IMPLEMENTATIONS = YES;
				CLANG_WARN_DIRECT_OBJC_ISA_USAGE = YES_ERROR;
				CLANG_WARN_DOCUMENTATION_COMMENTS = YES;
				CLANG_WARN_EMPTY_BODY = YES;
				CLANG_WARN_ENUM_CONVERSION = YES;
				CLANG_WARN_INFINITE_RECURSION = YES;
				CLANG_WARN_INT_CONVERSION = YES;
				CLANG_WARN_NON_LITERAL_NULL_CONVERSION = YES;
				CLANG_WARN_OBJC_IMPLICIT_RETAIN_SELF = YES;
				CLANG_WARN_OBJC_LITERAL_CONVERSION = YES;
				CLANG_WARN_OBJC_ROOT_CLASS = YES_ERROR;
				CLANG_WARN_QUOTED_INCLUDE_IN_FRAMEWORK_HEADER = YES;
				CLANG_WARN_RANGE_LOOP_ANALYSIS = YES;
				CLANG_WARN_STRICT_PROTOTYPES = YES;
				CLANG_WARN_SUSPICIOUS_MOVE = YES;
				CLANG_WARN_UNGUARDED_AVAILABILITY = YES_AGGRESSIVE;
				CLANG_WARN_UNREACHABLE_CODE = YES;
				CLANG_WARN__DUPLICATE_METHOD_MATCH = YES;
				COPY_PHASE_STRIP = NO;
				DEBUG_INFORMATION_FORMAT = dwarf;
				ENABLE_STRICT_OBJC_MSGSEND = YES;
				ENABLE_TESTABILITY = YES;
				GCC_C_LANGUAGE_STANDARD = gnu11;
				GCC_DYNAMIC_NO_PIC = NO;
				GCC_NO_COMMON_BLOCKS = YES;
				GCC_OPTIMIZATION_LEVEL = 0;
				GCC_PREPROCESSOR_DEFINITIONS = (
					"DEBUG=1",
					"$(inherited)",
				);
				GCC_WARN_64_TO_32_BIT_CONVERSION = YES;
				GCC_WARN_ABOUT_RETURN_TYPE = YES_ERROR;
				GCC_WARN_UNDECLARED_SELECTOR = YES;
				GCC_WARN_UNINITIALIZED_AUTOS = YES_AGGRESSIVE;
				GCC_WARN_UNUSED_FUNCTION = YES;
				GCC_WARN_UNUSED_VARIABLE = YES;
				IPHONEOS_DEPLOYMENT_TARGET = 15.0;
				MTL_ENABLE_DEBUG_INFO = INCLUDE_SOURCE;
				MTL_FAST_MATH = YES;
				ONLY_ACTIVE_ARCH = YES;
				SDKROOT = iphoneos;
				SWIFT_ACTIVE_COMPILATION_CONDITIONS = DEBUG;
				SWIFT_OPTIMIZATION_LEVEL = "-Onone";
			};
			name = Debug;
		};
		7BAA14A52748D8C8003E6EF9 /* Release */ = {
			isa = XCBuildConfiguration;
			buildSettings = {
				ALWAYS_SEARCH_USER_PATHS = NO;
				CLANG_ANALYZER_NONNULL = YES;
				CLANG_ANALYZER_NUMBER_OBJECT_CONVERSION = YES_AGGRESSIVE;
				CLANG_CXX_LANGUAGE_STANDARD = "gnu++17";
				CLANG_CXX_LIBRARY = "libc++";
				CLANG_ENABLE_MODULES = YES;
				CLANG_ENABLE_OBJC_ARC = YES;
				CLANG_ENABLE_OBJC_WEAK = YES;
				CLANG_WARN_BLOCK_CAPTURE_AUTORELEASING = YES;
				CLANG_WARN_BOOL_CONVERSION = YES;
				CLANG_WARN_COMMA = YES;
				CLANG_WARN_CONSTANT_CONVERSION = YES;
				CLANG_WARN_DEPRECATED_OBJC_IMPLEMENTATIONS = YES;
				CLANG_WARN_DIRECT_OBJC_ISA_USAGE = YES_ERROR;
				CLANG_WARN_DOCUMENTATION_COMMENTS = YES;
				CLANG_WARN_EMPTY_BODY = YES;
				CLANG_WARN_ENUM_CONVERSION = YES;
				CLANG_WARN_INFINITE_RECURSION = YES;
				CLANG_WARN_INT_CONVERSION = YES;
				CLANG_WARN_NON_LITERAL_NULL_CONVERSION = YES;
				CLANG_WARN_OBJC_IMPLICIT_RETAIN_SELF = YES;
				CLANG_WARN_OBJC_LITERAL_CONVERSION = YES;
				CLANG_WARN_OBJC_ROOT_CLASS = YES_ERROR;
				CLANG_WARN_QUOTED_INCLUDE_IN_FRAMEWORK_HEADER = YES;
				CLANG_WARN_RANGE_LOOP_ANALYSIS = YES;
				CLANG_WARN_STRICT_PROTOTYPES = YES;
				CLANG_WARN_SUSPICIOUS_MOVE = YES;
				CLANG_WARN_UNGUARDED_AVAILABILITY = YES_AGGRESSIVE;
				CLANG_WARN_UNREACHABLE_CODE = YES;
				CLANG_WARN__DUPLICATE_METHOD_MATCH = YES;
				COPY_PHASE_STRIP = NO;
				DEBUG_INFORMATION_FORMAT = "dwarf-with-dsym";
				ENABLE_NS_ASSERTIONS = NO;
				ENABLE_STRICT_OBJC_MSGSEND = YES;
				GCC_C_LANGUAGE_STANDARD = gnu11;
				GCC_NO_COMMON_BLOCKS = YES;
				GCC_WARN_64_TO_32_BIT_CONVERSION = YES;
				GCC_WARN_ABOUT_RETURN_TYPE = YES_ERROR;
				GCC_WARN_UNDECLARED_SELECTOR = YES;
				GCC_WARN_UNINITIALIZED_AUTOS = YES_AGGRESSIVE;
				GCC_WARN_UNUSED_FUNCTION = YES;
				GCC_WARN_UNUSED_VARIABLE = YES;
				IPHONEOS_DEPLOYMENT_TARGET = 15.0;
				MTL_ENABLE_DEBUG_INFO = NO;
				MTL_FAST_MATH = YES;
				SDKROOT = iphoneos;
				SWIFT_COMPILATION_MODE = wholemodule;
				SWIFT_OPTIMIZATION_LEVEL = "-O";
				VALIDATE_PRODUCT = YES;
			};
			name = Release;
		};
		7BAA14A72748D8C8003E6EF9 /* Debug */ = {
			isa = XCBuildConfiguration;
			buildSettings = {
				ASSETCATALOG_COMPILER_APPICON_NAME = AppIcon;
				ASSETCATALOG_COMPILER_GLOBAL_ACCENT_COLOR_NAME = AccentColor;
				CODE_SIGN_STYLE = Automatic;
				CURRENT_PROJECT_VERSION = 1;
				DEVELOPMENT_ASSET_PATHS = "\"Instafilter/Preview Content\"";
				DEVELOPMENT_TEAM = 5K8DY798Z4;
				ENABLE_PREVIEWS = YES;
				GENERATE_INFOPLIST_FILE = YES;
				INFOPLIST_KEY_UIApplicationSceneManifest_Generation = YES;
				INFOPLIST_KEY_UIApplicationSupportsIndirectInputEvents = YES;
				INFOPLIST_KEY_UILaunchScreen_Generation = YES;
				INFOPLIST_KEY_UISupportedInterfaceOrientations_iPad = "UIInterfaceOrientationPortrait UIInterfaceOrientationPortraitUpsideDown UIInterfaceOrientationLandscapeLeft UIInterfaceOrientationLandscapeRight";
				INFOPLIST_KEY_UISupportedInterfaceOrientations_iPhone = "UIInterfaceOrientationPortrait UIInterfaceOrientationLandscapeLeft UIInterfaceOrientationLandscapeRight";
				LD_RUNPATH_SEARCH_PATHS = (
					"$(inherited)",
					"@executable_path/Frameworks",
				);
				MARKETING_VERSION = 1.0;
				PRODUCT_BUNDLE_IDENTIFIER = com.JonathanGaffe.Instafilter;
				PRODUCT_NAME = "$(TARGET_NAME)";
				SWIFT_EMIT_LOC_STRINGS = YES;
				SWIFT_VERSION = 5.0;
				TARGETED_DEVICE_FAMILY = "1,2";
			};
			name = Debug;
		};
		7BAA14A82748D8C8003E6EF9 /* Release */ = {
			isa = XCBuildConfiguration;
			buildSettings = {
				ASSETCATALOG_COMPILER_APPICON_NAME = AppIcon;
				ASSETCATALOG_COMPILER_GLOBAL_ACCENT_COLOR_NAME = AccentColor;
				CODE_SIGN_STYLE = Automatic;
				CURRENT_PROJECT_VERSION = 1;
				DEVELOPMENT_ASSET_PATHS = "\"Instafilter/Preview Content\"";
				DEVELOPMENT_TEAM = 5K8DY798Z4;
				ENABLE_PREVIEWS = YES;
				GENERATE_INFOPLIST_FILE = YES;
				INFOPLIST_KEY_UIApplicationSceneManifest_Generation = YES;
				INFOPLIST_KEY_UIApplicationSupportsIndirectInputEvents = YES;
				INFOPLIST_KEY_UILaunchScreen_Generation = YES;
				INFOPLIST_KEY_UISupportedInterfaceOrientations_iPad = "UIInterfaceOrientationPortrait UIInterfaceOrientationPortraitUpsideDown UIInterfaceOrientationLandscapeLeft UIInterfaceOrientationLandscapeRight";
				INFOPLIST_KEY_UISupportedInterfaceOrientations_iPhone = "UIInterfaceOrientationPortrait UIInterfaceOrientationLandscapeLeft UIInterfaceOrientationLandscapeRight";
				LD_RUNPATH_SEARCH_PATHS = (
					"$(inherited)",
					"@executable_path/Frameworks",
				);
				MARKETING_VERSION = 1.0;
				PRODUCT_BUNDLE_IDENTIFIER = com.JonathanGaffe.Instafilter;
				PRODUCT_NAME = "$(TARGET_NAME)";
				SWIFT_EMIT_LOC_STRINGS = YES;
				SWIFT_VERSION = 5.0;
				TARGETED_DEVICE_FAMILY = "1,2";
			};
			name = Release;
		};
/* End XCBuildConfiguration section */

/* Begin XCConfigurationList section */
		7BAA14932748D8C7003E6EF9 /* Build configuration list for PBXProject "Instafilter" */ = {
			isa = XCConfigurationList;
			buildConfigurations = (
				7BAA14A42748D8C8003E6EF9 /* Debug */,
				7BAA14A52748D8C8003E6EF9 /* Release */,
			);
			defaultConfigurationIsVisible = 0;
			defaultConfigurationName = Release;
		};
		7BAA14A62748D8C8003E6EF9 /* Build configuration list for PBXNativeTarget "Instafilter" */ = {
			isa = XCConfigurationList;
			buildConfigurations = (
				7BAA14A72748D8C8003E6EF9 /* Debug */,
				7BAA14A82748D8C8003E6EF9 /* Release */,
			);
			defaultConfigurationIsVisible = 0;
			defaultConfigurationName = Release;
		};
/* End XCConfigurationList section */
	};
	rootObject = 7BAA14902748D8C7003E6EF9 /* Project object */;
}
